
Microsoft Visual Studio Solution File, Format Version 12.00
# Visual Studio Version 17
VisualStudioVersion = 17.4.33213.308
MinimumVisualStudioVersion = 10.0.40219.1
Project("{8BC9CEB8-8B4A-11D0-8D11-00A0C91BC942}") = "Bignumbers", "Bignumbers\Bignumbers.vcxproj", "{C433B4E0-3A85-47BF-A3CC-75CB7E4A8319}"
EndProject
Global
	GlobalSection(SolutionConfigurationPlatforms) = preSolution
		Debug|x64 = Debug|x64
		Debug|x86 = Debug|x86
		Release|x64 = Release|x64
		Release|x86 = Release|x86
	EndGlobalSection
	GlobalSection(ProjectConfigurationPlatforms) = postSolution
		{C433B4E0-3A85-47BF-A3CC-75CB7E4A8319}.Debug|x64.ActiveCfg = Debug|x64
		{C433B4E0-3A85-47BF-A3CC-75CB7E4A8319}.Debug|x64.Build.0 = Debug|x64
		{C433B4E0-3A85-47BF-A3CC-75CB7E4A8319}.Debug|x86.ActiveCfg = Debug|Win32
		{C433B4E0-3A85-47BF-A3CC-75CB7E4A8319}.Debug|x86.Build.0 = Debug|Win32
		{C433B4E0-3A85-47BF-A3CC-75CB7E4A8319}.Release|x64.ActiveCfg = Release|x64
		{C433B4E0-3A85-47BF-A3CC-75CB7E4A8319}.Release|x64.Build.0 = Release|x64
		{C433B4E0-3A85-47BF-A3CC-75CB7E4A8319}.Release|x86.ActiveCfg = Release|Win32
		{C433B4E0-3A85-47BF-A3CC-75CB7E4A8319}.Release|x86.Build.0 = Release|Win32
	EndGlobalSection
	GlobalSection(SolutionProperties) = preSolution
		HideSolutionNode = FALSE
	EndGlobalSection
	GlobalSection(ExtensibilityGlobals) = postSolution
		SolutionGuid = {79B33001-3678-4C58-BEC2-88D5B8A2885F}
	EndGlobalSection
EndGlobal
